
Microsoft Visual Studio Solution File, Format Version 12.00
# Visual Studio Version 17
VisualStudioVersion = 17.1.32328.378
MinimumVisualStudioVersion = 10.0.40219.1
Project("{FAE04EC0-301F-11D3-BF4B-00C04F79EFBC}") = "01.04.2022-Ngitung", "01.04.2022-Ngitung\01.04.2022-Ngitung.csproj", "{46010C89-4F28-4CBB-82AA-767789442505}"
EndProject
Global
	GlobalSection(SolutionConfigurationPlatforms) = preSolution
		Debug|Any CPU = Debug|Any CPU
		Release|Any CPU = Release|Any CPU
	EndGlobalSection
	GlobalSection(ProjectConfigurationPlatforms) = postSolution
		{46010C89-4F28-4CBB-82AA-767789442505}.Debug|Any CPU.ActiveCfg = Debug|Any CPU
		{46010C89-4F28-4CBB-82AA-767789442505}.Debug|Any CPU.Build.0 = Debug|Any CPU
		{46010C89-4F28-4CBB-82AA-767789442505}.Release|Any CPU.ActiveCfg = Release|Any CPU
		{46010C89-4F28-4CBB-82AA-767789442505}.Release|Any CPU.Build.0 = Release|Any CPU
	EndGlobalSection
	GlobalSection(SolutionProperties) = preSolution
		HideSolutionNode = FALSE
	EndGlobalSection
	GlobalSection(ExtensibilityGlobals) = postSolution
		SolutionGuid = {8D922CD1-5D5C-4F57-A805-FD6E3FAD6C6C}
	EndGlobalSection
EndGlobal
